Microsoft Visual Studio Solution File, Format Version 12.00
# Visual Studio Version 17
VisualStudioVersion = 17.5.2.0
MinimumVisualStudioVersion = 10.0.40219.1
Project("{FAE04EC0-301F-11D3-BF4B-00C04F79EFBC}") = "while1", "while1.csproj", "{46F80FD0-072B-924A-91C9-37B8B05B3A7F}"
EndProject
Global
	GlobalSection(SolutionConfigurationPlatforms) = preSolution
		Debug|Any CPU = Debug|Any CPU
		Release|Any CPU = Release|Any CPU
	EndGlobalSection
	GlobalSection(ProjectConfigurationPlatforms) = postSolution
		{46F80FD0-072B-924A-91C9-37B8B05B3A7F}.Debug|Any CPU.ActiveCfg = Debug|Any CPU
		{46F80FD0-072B-924A-91C9-37B8B05B3A7F}.Debug|Any CPU.Build.0 = Debug|Any CPU
		{46F80FD0-072B-924A-91C9-37B8B05B3A7F}.Release|Any CPU.ActiveCfg = Release|Any CPU
		{46F80FD0-072B-924A-91C9-37B8B05B3A7F}.Release|Any CPU.Build.0 = Release|Any CPU
	EndGlobalSection
	GlobalSection(SolutionProperties) = preSolution
		HideSolutionNode = FALSE
	EndGlobalSection
	GlobalSection(ExtensibilityGlobals) = postSolution
		SolutionGuid = {3AA11280-12D7-4F6B-9AF4-94CEA8E5A576}
	EndGlobalSection
EndGlobal
