Microsoft Visual Studio Solution File, Format Version 12.00
# Visual Studio Version 17
VisualStudioVersion = 17.5.2.0
MinimumVisualStudioVersion = 10.0.40219.1
Project("{FAE04EC0-301F-11D3-BF4B-00C04F79EFBC}") = "productoescalar", "productoescalar.csproj", "{749830AB-7ACB-1AF1-6E74-0581D1E2626B}"
EndProject
Global
	GlobalSection(SolutionConfigurationPlatforms) = preSolution
		Debug|Any CPU = Debug|Any CPU
		Release|Any CPU = Release|Any CPU
	EndGlobalSection
	GlobalSection(ProjectConfigurationPlatforms) = postSolution
		{749830AB-7ACB-1AF1-6E74-0581D1E2626B}.Debug|Any CPU.ActiveCfg = Debug|Any CPU
		{749830AB-7ACB-1AF1-6E74-0581D1E2626B}.Debug|Any CPU.Build.0 = Debug|Any CPU
		{749830AB-7ACB-1AF1-6E74-0581D1E2626B}.Release|Any CPU.ActiveCfg = Release|Any CPU
		{749830AB-7ACB-1AF1-6E74-0581D1E2626B}.Release|Any CPU.Build.0 = Release|Any CPU
	EndGlobalSection
	GlobalSection(SolutionProperties) = preSolution
		HideSolutionNode = FALSE
	EndGlobalSection
	GlobalSection(ExtensibilityGlobals) = postSolution
		SolutionGuid = {82810CDB-158A-4A8D-9365-576BC0C355E2}
	EndGlobalSection
EndGlobal
