Microsoft Visual Studio Solution File, Format Version 12.00
# Visual Studio Version 17
VisualStudioVersion = 17.5.2.0
MinimumVisualStudioVersion = 10.0.40219.1
Project("{FAE04EC0-301F-11D3-BF4B-00C04F79EFBC}") = "TemperaturasSemanaEjercicio1", "TemperaturasSemanaEjercicio1.csproj", "{B97B9747-27A6-59AD-4AE1-94EF593A7ADB}"
EndProject
Global
	GlobalSection(SolutionConfigurationPlatforms) = preSolution
		Debug|Any CPU = Debug|Any CPU
		Release|Any CPU = Release|Any CPU
	EndGlobalSection
	GlobalSection(ProjectConfigurationPlatforms) = postSolution
		{B97B9747-27A6-59AD-4AE1-94EF593A7ADB}.Debug|Any CPU.ActiveCfg = Debug|Any CPU
		{B97B9747-27A6-59AD-4AE1-94EF593A7ADB}.Debug|Any CPU.Build.0 = Debug|Any CPU
		{B97B9747-27A6-59AD-4AE1-94EF593A7ADB}.Release|Any CPU.ActiveCfg = Release|Any CPU
		{B97B9747-27A6-59AD-4AE1-94EF593A7ADB}.Release|Any CPU.Build.0 = Release|Any CPU
	EndGlobalSection
	GlobalSection(SolutionProperties) = preSolution
		HideSolutionNode = FALSE
	EndGlobalSection
	GlobalSection(ExtensibilityGlobals) = postSolution
		SolutionGuid = {413CBF14-52A5-4F06-819F-672DD78CC7C9}
	EndGlobalSection
EndGlobal
