Microsoft Visual Studio Solution File, Format Version 12.00
# Visual Studio Version 17
VisualStudioVersion = 17.5.2.0
MinimumVisualStudioVersion = 10.0.40219.1
Project("{FAE04EC0-301F-11D3-BF4B-00C04F79EFBC}") = "arreglo1", "arreglo1.csproj", "{1786AAF0-CCA2-A7C1-0C32-043375FE4FA0}"
EndProject
Global
	GlobalSection(SolutionConfigurationPlatforms) = preSolution
		Debug|Any CPU = Debug|Any CPU
		Release|Any CPU = Release|Any CPU
	EndGlobalSection
	GlobalSection(ProjectConfigurationPlatforms) = postSolution
		{1786AAF0-CCA2-A7C1-0C32-043375FE4FA0}.Debug|Any CPU.ActiveCfg = Debug|Any CPU
		{1786AAF0-CCA2-A7C1-0C32-043375FE4FA0}.Debug|Any CPU.Build.0 = Debug|Any CPU
		{1786AAF0-CCA2-A7C1-0C32-043375FE4FA0}.Release|Any CPU.ActiveCfg = Release|Any CPU
		{1786AAF0-CCA2-A7C1-0C32-043375FE4FA0}.Release|Any CPU.Build.0 = Release|Any CPU
	EndGlobalSection
	GlobalSection(SolutionProperties) = preSolution
		HideSolutionNode = FALSE
	EndGlobalSection
	GlobalSection(ExtensibilityGlobals) = postSolution
		SolutionGuid = {A2EC37E3-8568-44A6-B758-19322F23B1BA}
	EndGlobalSection
EndGlobal
